
Microsoft Visual Studio Solution File, Format Version 12.00
# Visual Studio Version 17
VisualStudioVersion = 17.11.35431.28
MinimumVisualStudioVersion = 10.0.40219.1
Project("{FAE04EC0-301F-11D3-BF4B-00C04F79EFBC}") = "Revisao-ASP.NET-Web-API", "Revisao-ASP.NET-Web-API.csproj", "{E6E819E8-09EF-42B3-BDEE-77EBC738143C}"
EndProject
Global
	GlobalSection(SolutionConfigurationPlatforms) = preSolution
		Debug|Any CPU = Debug|Any CPU
		Release|Any CPU = Release|Any CPU
	EndGlobalSection
	GlobalSection(ProjectConfigurationPlatforms) = postSolution
		{E6E819E8-09EF-42B3-BDEE-77EBC738143C}.Debug|Any CPU.ActiveCfg = Debug|Any CPU
		{E6E819E8-09EF-42B3-BDEE-77EBC738143C}.Debug|Any CPU.Build.0 = Debug|Any CPU
		{E6E819E8-09EF-42B3-BDEE-77EBC738143C}.Release|Any CPU.ActiveCfg = Release|Any CPU
		{E6E819E8-09EF-42B3-BDEE-77EBC738143C}.Release|Any CPU.Build.0 = Release|Any CPU
	EndGlobalSection
	GlobalSection(SolutionProperties) = preSolution
		HideSolutionNode = FALSE
	EndGlobalSection
	GlobalSection(ExtensibilityGlobals) = postSolution
		SolutionGuid = {B315FD96-ECED-47E9-945F-C7B60EADD41B}
	EndGlobalSection
EndGlobal
